// !$*UTF8*$!
{
	archiveVersion = 1;
	classes = {
	};
	objectVersion = 46;
	objects = {

/* Begin PBXBuildFile section */
		0218A1EA16F9FD3700DF678E /* UIKit.framework in Frameworks */ = {isa = PBXBuildFile; fileRef = 0218A1E916F9FD3700DF678E /* UIKit.framework */; };
		0218A1EC16F9FD3700DF678E /* Foundation.framework in Frameworks */ = {isa = PBXBuildFile; fileRef = 0218A1EB16F9FD3700DF678E /* Foundation.framework */; };
		0218A1EE16F9FD3700DF678E /* CoreGraphics.framework in Frameworks */ = {isa = PBXBuildFile; fileRef = 0218A1ED16F9FD3700DF678E /* CoreGraphics.framework */; };
		0218A1F416F9FD3700DF678E /* InfoPlist.strings in Resources */ = {isa = PBXBuildFile; fileRef = 0218A1F216F9FD3700DF678E /* InfoPlist.strings */; };
		0218A1F616F9FD3700DF678E /* main.m in Sources */ = {isa = PBXBuildFile; fileRef = 0218A1F516F9FD3700DF678E /* main.m */; };
		0218A1FA16F9FD3700DF678E /* SquareAppDelegate.m in Sources */ = {isa = PBXBuildFile; fileRef = 0218A1F916F9FD3700DF678E /* SquareAppDelegate.m */; };
		0218A1FC16F9FD3700DF678E /* Default.png in Resources */ = {isa = PBXBuildFile; fileRef = 0218A1FB16F9FD3700DF678E /* Default.png */; };
		0218A1FE16F9FD3700DF678E /* Default@2x.png in Resources */ = {isa = PBXBuildFile; fileRef = 0218A1FD16F9FD3700DF678E /* Default@2x.png */; };
		0218A20016F9FD3700DF678E /* Default-568h@2x.png in Resources */ = {isa = PBXBuildFile; fileRef = 0218A1FF16F9FD3700DF678E /* Default-568h@2x.png */; };
		0218A20316F9FD3700DF678E /* SquareViewController.m in Sources */ = {isa = PBXBuildFile; fileRef = 0218A20216F9FD3700DF678E /* SquareViewController.m */; };
		0218A20616F9FD3700DF678E /* SquareViewController.xib in Resources */ = {isa = PBXBuildFile; fileRef = 0218A20416F9FD3700DF678E /* SquareViewController.xib */; };
		0218A20D16FA118B00DF678E /* KeyLineManager.h in Resources */ = {isa = PBXBuildFile; fileRef = 0218A20C16FA118B00DF678E /* KeyLineManager.h */; };
		0218A20F16FA11F300DF678E /* KeyLineManager.m in Sources */ = {isa = PBXBuildFile; fileRef = 0218A20E16FA11F300DF678E /* KeyLineManager.m */; };
		02399192173C033C003A4874 /* 1.png in Resources */ = {isa = PBXBuildFile; fileRef = 02399190173C033C003A4874 /* 1.png */; };
		02399193173C033C003A4874 /* 2.png in Resources */ = {isa = PBXBuildFile; fileRef = 02399191173C033C003A4874 /* 2.png */; };
		024C264417349882004B91F1 /* ASPriorityQueue.m in Sources */ = {isa = PBXBuildFile; fileRef = 024C263F17349882004B91F1 /* ASPriorityQueue.m */; };
		024C264517349882004B91F1 /* BMS.m in Sources */ = {isa = PBXBuildFile; fileRef = 024C264117349882004B91F1 /* BMS.m */; };
		024C264617349882004B91F1 /* TimelineNotes.m in Sources */ = {isa = PBXBuildFile; fileRef = 024C264317349882004B91F1 /* TimelineNotes.m */; };
		024C26531734989C004B91F1 /* Entrance -another Ver.-(HD).bms in Resources */ = {isa = PBXBuildFile; fileRef = 024C264B1734989C004B91F1 /* Entrance -another Ver.-(HD).bms */; };
		024C26541734989C004B91F1 /* Entrance -Another ver.-(Image).jpg in Resources */ = {isa = PBXBuildFile; fileRef = 024C264C1734989C004B91F1 /* Entrance -Another ver.-(Image).jpg */; };
		024C26551734989C004B91F1 /* Entrance -Another ver.-(Intro).txt in Resources */ = {isa = PBXBuildFile; fileRef = 024C264D1734989C004B91F1 /* Entrance -Another ver.-(Intro).txt */; };
		024C26561734989C004B91F1 /* Entrance -another Ver.-(MX).bms in Resources */ = {isa = PBXBuildFile; fileRef = 024C264E1734989C004B91F1 /* Entrance -another Ver.-(MX).bms */; };
		024C26571734989C004B91F1 /* Entrance -another Ver.-(NM).bms in Resources */ = {isa = PBXBuildFile; fileRef = 024C264F1734989C004B91F1 /* Entrance -another Ver.-(NM).bms */; };
		024C26581734989C004B91F1 /* Entrance -Another ver.-(sImage).bmp in Resources */ = {isa = PBXBuildFile; fileRef = 024C26501734989C004B91F1 /* Entrance -Another ver.-(sImage).bmp */; };
		024C265917349928004B91F1 /* Entrance -another Ver.-(EZ).bms in Resources */ = {isa = PBXBuildFile; fileRef = 024C265B17349928004B91F1 /* Entrance -another Ver.-(EZ).bms */; };
		024C26681734BC29004B91F1 /* test.mp3 in Resources */ = {isa = PBXBuildFile; fileRef = 024C265F1734BC29004B91F1 /* test.mp3 */; };
		024C26A41734BF1A004B91F1 /* AVFoundation.framework in Frameworks */ = {isa = PBXBuildFile; fileRef = 024C26A31734BF1A004B91F1 /* AVFoundation.framework */; };
		024C26A61734BF29004B91F1 /* AudioToolbox.framework in Frameworks */ = {isa = PBXBuildFile; fileRef = 024C26A51734BF29004B91F1 /* AudioToolbox.framework */; };
		025BFCCA173F8CE7006C6CB9 /* Note_Click1_2.ojt0.png in Resources */ = {isa = PBXBuildFile; fileRef = 025BFCBE173F8CE7006C6CB9 /* Note_Click1_2.ojt0.png */; };
		025BFCCB173F8CE7006C6CB9 /* Note_Click1_2.ojt1.png in Resources */ = {isa = PBXBuildFile; fileRef = 025BFCBF173F8CE7006C6CB9 /* Note_Click1_2.ojt1.png */; };
		025BFCCC173F8CE7006C6CB9 /* Note_Click1_2.ojt2.png in Resources */ = {isa = PBXBuildFile; fileRef = 025BFCC0173F8CE7006C6CB9 /* Note_Click1_2.ojt2.png */; };
		025BFCCD173F8CE7006C6CB9 /* Note_Click1_2.ojt3.png in Resources */ = {isa = PBXBuildFile; fileRef = 025BFCC1173F8CE7006C6CB9 /* Note_Click1_2.ojt3.png */; };
		025BFCCE173F8CE7006C6CB9 /* Note_Click1_2.ojt4.png in Resources */ = {isa = PBXBuildFile; fileRef = 025BFCC2173F8CE7006C6CB9 /* Note_Click1_2.ojt4.png */; };
		025BFCCF173F8CE7006C6CB9 /* Note_Click1_2.ojt5.png in Resources */ = {isa = PBXBuildFile; fileRef = 025BFCC3173F8CE7006C6CB9 /* Note_Click1_2.ojt5.png */; };
		025BFCD0173F8CE7006C6CB9 /* Note_Click1_2.ojt6.png in Resources */ = {isa = PBXBuildFile; fileRef = 025BFCC4173F8CE7006C6CB9 /* Note_Click1_2.ojt6.png */; };
		025BFCD1173F8CE7006C6CB9 /* Note_Click1_2.ojt7.png in Resources */ = {isa = PBXBuildFile; fileRef = 025BFCC5173F8CE7006C6CB9 /* Note_Click1_2.ojt7.png */; };
		025BFCD2173F8CE7006C6CB9 /* Note_Click1_2.ojt8.png in Resources */ = {isa = PBXBuildFile; fileRef = 025BFCC6173F8CE7006C6CB9 /* Note_Click1_2.ojt8.png */; };
		025BFCD3173F8CE7006C6CB9 /* Note_Click1_2.ojt9.png in Resources */ = {isa = PBXBuildFile; fileRef = 025BFCC7173F8CE7006C6CB9 /* Note_Click1_2.ojt9.png */; };
		025BFCD4173F8CE7006C6CB9 /* Note_Click1_2.ojt10.png in Resources */ = {isa = PBXBuildFile; fileRef = 025BFCC8173F8CE7006C6CB9 /* Note_Click1_2.ojt10.png */; };
		025BFCD5173F8CE7006C6CB9 /* Note_Click1_2.ojt11.png in Resources */ = {isa = PBXBuildFile; fileRef = 025BFCC9173F8CE7006C6CB9 /* Note_Click1_2.ojt11.png */; };
		025BFCDE173F8F30006C6CB9 /* KEYA_show.png in Resources */ = {isa = PBXBuildFile; fileRef = 025BFCD6173F8F30006C6CB9 /* KEYA_show.png */; };
		025BFCDF173F8F30006C6CB9 /* KEYA0.png in Resources */ = {isa = PBXBuildFile; fileRef = 025BFCD7173F8F30006C6CB9 /* KEYA0.png */; };
		025BFCE0173F8F30006C6CB9 /* KEYA1.png in Resources */ = {isa = PBXBuildFile; fileRef = 025BFCD8173F8F30006C6CB9 /* KEYA1.png */; };
		025BFCE1173F8F30006C6CB9 /* KEYA2.png in Resources */ = {isa = PBXBuildFile; fileRef = 025BFCD9173F8F30006C6CB9 /* KEYA2.png */; };
		025BFCE3173F8F30006C6CB9 /* KEYB0.png in Resources */ = {isa = PBXBuildFile; fileRef = 025BFCDB173F8F30006C6CB9 /* KEYB0.png */; };
		025BFCE4173F8F30006C6CB9 /* KEYB1.png in Resources */ = {isa = PBXBuildFile; fileRef = 025BFCDC173F8F30006C6CB9 /* KEYB1.png */; };
		025BFCE5173F8F30006C6CB9 /* KEYB2.png in Resources */ = {isa = PBXBuildFile; fileRef = 025BFCDD173F8F30006C6CB9 /* KEYB2.png */; };
		025BFCEC173F9FFA006C6CB9 /* EndFront_0.png in Resources */ = {isa = PBXBuildFile; fileRef = 025BFCEA173F9FFA006C6CB9 /* EndFront_0.png */; };
		025BFCED173F9FFA006C6CB9 /* EndFront_1.png in Resources */ = {isa = PBXBuildFile; fileRef = 025BFCEB173F9FFA006C6CB9 /* EndFront_1.png */; };
/* End PBXBuildFile section */

/* Begin PBXFileReference section */
		0218A1E616F9FD3700DF678E /* Square.app */ = {isa = PBXFileReference; explicitFileType = wrapper.application; includeInIndex = 0; path = Square.app; sourceTree = BUILT_PRODUCTS_DIR; };
		0218A1E916F9FD3700DF678E /* UIKit.framework */ = {isa = PBXFileReference; lastKnownFileType = wrapper.framework; name = UIKit.framework; path = System/Library/Frameworks/UIKit.framework; sourceTree = SDKROOT; };
		0218A1EB16F9FD3700DF678E /* Foundation.framework */ = {isa = PBXFileReference; lastKnownFileType = wrapper.framework; name = Foundation.framework; path = System/Library/Frameworks/Foundation.framework; sourceTree = SDKROOT; };
		0218A1ED16F9FD3700DF678E /* CoreGraphics.framework */ = {isa = PBXFileReference; lastKnownFileType = wrapper.framework; name = CoreGraphics.framework; path = System/Library/Frameworks/CoreGraphics.framework; sourceTree = SDKROOT; };
		0218A1F116F9FD3700DF678E /* Square-Info.plist */ = {isa = PBXFileReference; lastKnownFileType = text.plist.xml; path = "Square-Info.plist"; sourceTree = "<group>"; };
		0218A1F316F9FD3700DF678E /* en */ = {isa = PBXFileReference; lastKnownFileType = text.plist.strings; name = en; path = en.lproj/InfoPlist.strings; sourceTree = "<group>"; };
		0218A1F516F9FD3700DF678E /* main.m */ = {isa = PBXFileReference; lastKnownFileType = sourcecode.c.objc; path = main.m; sourceTree = "<group>"; };
		0218A1F716F9FD3700DF678E /* Square-Prefix.pch */ = {isa = PBXFileReference; lastKnownFileType = sourcecode.c.h; path = "Square-Prefix.pch"; sourceTree = "<group>"; };
		0218A1F816F9FD3700DF678E /* SquareAppDelegate.h */ = {isa = PBXFileReference; lastKnownFileType = sourcecode.c.h; path = SquareAppDelegate.h; sourceTree = "<group>"; };
		0218A1F916F9FD3700DF678E /* SquareAppDelegate.m */ = {isa = PBXFileReference; lastKnownFileType = sourcecode.c.objc; path = SquareAppDelegate.m; sourceTree = "<group>"; };
		0218A1FB16F9FD3700DF678E /* Default.png */ = {isa = PBXFileReference; lastKnownFileType = image.png; path = Default.png; sourceTree = "<group>"; };
		0218A1FD16F9FD3700DF678E /* Default@2x.png */ = {isa = PBXFileReference; lastKnownFileType = image.png; path = "Default@2x.png"; sourceTree = "<group>"; };
		0218A1FF16F9FD3700DF678E /* Default-568h@2x.png */ = {isa = PBXFileReference; lastKnownFileType = image.png; path = "Default-568h@2x.png"; sourceTree = "<group>"; };
		0218A20116F9FD3700DF678E /* SquareViewController.h */ = {isa = PBXFileReference; lastKnownFileType = sourcecode.c.h; path = SquareViewController.h; sourceTree = "<group>"; };
		0218A20216F9FD3700DF678E /* SquareViewController.m */ = {isa = PBXFileReference; lastKnownFileType = sourcecode.c.objc; path = SquareViewController.m; sourceTree = "<group>"; };
		0218A20516F9FD3700DF678E /* en */ = {isa = PBXFileReference; lastKnownFileType = file.xib; name = en; path = en.lproj/SquareViewController.xib; sourceTree = "<group>"; };
		0218A20C16FA118B00DF678E /* KeyLineManager.h */ = {isa = PBXFileReference; fileEncoding = 4; lastKnownFileType = sourcecode.c.h; path = KeyLineManager.h; sourceTree = "<group>"; };
		0218A20E16FA11F300DF678E /* KeyLineManager.m */ = {isa = PBXFileReference; fileEncoding = 4; lastKnownFileType = sourcecode.c.objc; path = KeyLineManager.m; sourceTree = "<group>"; };
		02399190173C033C003A4874 /* 1.png */ = {isa = PBXFileReference; lastKnownFileType = image.png; path = 1.png; sourceTree = "<group>"; };
		02399191173C033C003A4874 /* 2.png */ = {isa = PBXFileReference; lastKnownFileType = image.png; path = 2.png; sourceTree = "<group>"; };
		024C263E17349882004B91F1 /* ASPriorityQueue.h */ = {isa = PBXFileReference; fileEncoding = 4; lastKnownFileType = sourcecode.c.h; name = ASPriorityQueue.h; path = ../../BMSReader/BMSReader/ASPriorityQueue.h; sourceTree = "<group>"; };
		024C263F17349882004B91F1 /* ASPriorityQueue.m */ = {isa = PBXFileReference; fileEncoding = 4; lastKnownFileType = sourcecode.c.objc; name = ASPriorityQueue.m; path = ../../BMSReader/BMSReader/ASPriorityQueue.m; sourceTree = "<group>"; };
		024C264017349882004B91F1 /* BMS.h */ = {isa = PBXFileReference; fileEncoding = 4; lastKnownFileType = sourcecode.c.h; name = BMS.h; path = ../../BMSReader/BMSReader/BMS.h; sourceTree = "<group>"; };
		024C264117349882004B91F1 /* BMS.m */ = {isa = PBXFileReference; fileEncoding = 4; lastKnownFileType = sourcecode.c.objc; name = BMS.m; path = ../../BMSReader/BMSReader/BMS.m; sourceTree = "<group>"; };
		024C264217349882004B91F1 /* TimelineNotes.h */ = {isa = PBXFileReference; fileEncoding = 4; lastKnownFileType = sourcecode.c.h; name = TimelineNotes.h; path = ../../BMSReader/BMSReader/TimelineNotes.h; sourceTree = "<group>"; };
		024C264317349882004B91F1 /* TimelineNotes.m */ = {isa = PBXFileReference; fileEncoding = 4; lastKnownFileType = sourcecode.c.objc; name = TimelineNotes.m; path = ../../BMSReader/BMSReader/TimelineNotes.m; sourceTree = "<group>"; };
		024C264B1734989C004B91F1 /* Entrance -another Ver.-(HD).bms */ = {isa = PBXFileReference; fileEncoding = 4; lastKnownFileType = text; path = "Entrance -another Ver.-(HD).bms"; sourceTree = "<group>"; };
		024C264C1734989C004B91F1 /* Entrance -Another ver.-(Image).jpg */ = {isa = PBXFileReference; lastKnownFileType = image.jpeg; path = "Entrance -Another ver.-(Image).jpg"; sourceTree = "<group>"; };
		024C264D1734989C004B91F1 /* Entrance -Another ver.-(Intro).txt */ = {isa = PBXFileReference; fileEncoding = 4; lastKnownFileType = text; path = "Entrance -Another ver.-(Intro).txt"; sourceTree = "<group>"; };
		024C264E1734989C004B91F1 /* Entrance -another Ver.-(MX).bms */ = {isa = PBXFileReference; fileEncoding = 4; lastKnownFileType = text; path = "Entrance -another Ver.-(MX).bms"; sourceTree = "<group>"; };
		024C264F1734989C004B91F1 /* Entrance -another Ver.-(NM).bms */ = {isa = PBXFileReference; fileEncoding = 4; lastKnownFileType = text; path = "Entrance -another Ver.-(NM).bms"; sourceTree = "<group>"; };
		024C26501734989C004B91F1 /* Entrance -Another ver.-(sImage).bmp */ = {isa = PBXFileReference; lastKnownFileType = image.bmp; path = "Entrance -Another ver.-(sImage).bmp"; sourceTree = "<group>"; };
		024C265A17349928004B91F1 /* en */ = {isa = PBXFileReference; lastKnownFileType = text; name = en; path = "en.lproj/Entrance -another Ver.-(EZ).bms"; sourceTree = "<group>"; };
		024C26601734BC29004B91F1 /* en */ = {isa = PBXFileReference; lastKnownFileType = audio.mp3; name = en; path = en.lproj/test.mp3; sourceTree = "<group>"; };
		024C26A31734BF1A004B91F1 /* AVFoundation.framework */ = {isa = PBXFileReference; lastKnownFileType = wrapper.framework; name = AVFoundation.framework; path = System/Library/Frameworks/AVFoundation.framework; sourceTree = SDKROOT; };
		024C26A51734BF29004B91F1 /* AudioToolbox.framework */ = {isa = PBXFileReference; lastKnownFileType = wrapper.framework; name = AudioToolbox.framework; path = System/Library/Frameworks/AudioToolbox.framework; sourceTree = SDKROOT; };
		025BFCBE173F8CE7006C6CB9 /* Note_Click1_2.ojt0.png */ = {isa = PBXFileReference; lastKnownFileType = image.png; path = Note_Click1_2.ojt0.png; sourceTree = "<group>"; };
		025BFCBF173F8CE7006C6CB9 /* Note_Click1_2.ojt1.png */ = {isa = PBXFileReference; lastKnownFileType = image.png; path = Note_Click1_2.ojt1.png; sourceTree = "<group>"; };
		025BFCC0173F8CE7006C6CB9 /* Note_Click1_2.ojt2.png */ = {isa = PBXFileReference; lastKnownFileType = image.png; path = Note_Click1_2.ojt2.png; sourceTree = "<group>"; };
		025BFCC1173F8CE7006C6CB9 /* Note_Click1_2.ojt3.png */ = {isa = PBXFileReference; lastKnownFileType = image.png; path = Note_Click1_2.ojt3.png; sourceTree = "<group>"; };
		025BFCC2173F8CE7006C6CB9 /* Note_Click1_2.ojt4.png */ = {isa = PBXFileReference; lastKnownFileType = image.png; path = Note_Click1_2.ojt4.png; sourceTree = "<group>"; };
		025BFCC3173F8CE7006C6CB9 /* Note_Click1_2.ojt5.png */ = {isa = PBXFileReference; lastKnownFileType = image.png; path = Note_Click1_2.ojt5.png; sourceTree = "<group>"; };
		025BFCC4173F8CE7006C6CB9 /* Note_Click1_2.ojt6.png */ = {isa = PBXFileReference; lastKnownFileType = image.png; path = Note_Click1_2.ojt6.png; sourceTree = "<group>"; };
		025BFCC5173F8CE7006C6CB9 /* Note_Click1_2.ojt7.png */ = {isa = PBXFileReference; lastKnownFileType = image.png; path = Note_Click1_2.ojt7.png; sourceTree = "<group>"; };
		025BFCC6173F8CE7006C6CB9 /* Note_Click1_2.ojt8.png */ = {isa = PBXFileReference; lastKnownFileType = image.png; path = Note_Click1_2.ojt8.png; sourceTree = "<group>"; };
		025BFCC7173F8CE7006C6CB9 /* Note_Click1_2.ojt9.png */ = {isa = PBXFileReference; lastKnownFileType = image.png; path = Note_Click1_2.ojt9.png; sourceTree = "<group>"; };
		025BFCC8173F8CE7006C6CB9 /* Note_Click1_2.ojt10.png */ = {isa = PBXFileReference; lastKnownFileType = image.png; path = Note_Click1_2.ojt10.png; sourceTree = "<group>"; };
		025BFCC9173F8CE7006C6CB9 /* Note_Click1_2.ojt11.png */ = {isa = PBXFileReference; lastKnownFileType = image.png; path = Note_Click1_2.ojt11.png; sourceTree = "<group>"; };
		025BFCD6173F8F30006C6CB9 /* KEYA_show.png */ = {isa = PBXFileReference; lastKnownFileType = image.png; path = KEYA_show.png; sourceTree = "<group>"; };
		025BFCD7173F8F30006C6CB9 /* KEYA0.png */ = {isa = PBXFileReference; lastKnownFileType = image.png; path = KEYA0.png; sourceTree = "<group>"; };
		025BFCD8173F8F30006C6CB9 /* KEYA1.png */ = {isa = PBXFileReference; lastKnownFileType = image.png; path = KEYA1.png; sourceTree = "<group>"; };
		025BFCD9173F8F30006C6CB9 /* KEYA2.png */ = {isa = PBXFileReference; lastKnownFileType = image.png; path = KEYA2.png; sourceTree = "<group>"; };
		025BFCDB173F8F30006C6CB9 /* KEYB0.png */ = {isa = PBXFileReference; lastKnownFileType = image.png; path = KEYB0.png; sourceTree = "<group>"; };
		025BFCDC173F8F30006C6CB9 /* KEYB1.png */ = {isa = PBXFileReference; lastKnownFileType = image.png; path = KEYB1.png; sourceTree = "<group>"; };
		025BFCDD173F8F30006C6CB9 /* KEYB2.png */ = {isa = PBXFileReference; lastKnownFileType = image.png; path = KEYB2.png; sourceTree = "<group>"; };
		025BFCEA173F9FFA006C6CB9 /* EndFront_0.png */ = {isa = PBXFileReference; lastKnownFileType = image.png; path = EndFront_0.png; sourceTree = "<group>"; };
		025BFCEB173F9FFA006C6CB9 /* EndFront_1.png */ = {isa = PBXFileReference; lastKnownFileType = image.png; path = EndFront_1.png; sourceTree = "<group>"; };
/* End PBXFileReference section */

/* Begin PBXFrameworksBuildPhase section */
		0218A1E316F9FD3700DF678E /* Frameworks */ = {
			isa = PBXFrameworksBuildPhase;
			buildActionMask = 2147483647;
			files = (
				024C26A61734BF29004B91F1 /* AudioToolbox.framework in Frameworks */,
				024C26A41734BF1A004B91F1 /* AVFoundation.framework in Frameworks */,
				0218A1EA16F9FD3700DF678E /* UIKit.framework in Frameworks */,
				0218A1EC16F9FD3700DF678E /* Foundation.framework in Frameworks */,
				0218A1EE16F9FD3700DF678E /* CoreGraphics.framework in Frameworks */,
			);
			runOnlyForDeploymentPostprocessing = 0;
		};
/* End PBXFrameworksBuildPhase section */

/* Begin PBXGroup section */
		0218A1DD16F9FD3700DF678E = {
			isa = PBXGroup;
			children = (
				024C26A51734BF29004B91F1 /* AudioToolbox.framework */,
				024C26A31734BF1A004B91F1 /* AVFoundation.framework */,
				0218A1EF16F9FD3700DF678E /* Square */,
				0218A1E816F9FD3700DF678E /* Frameworks */,
				0218A1E716F9FD3700DF678E /* Products */,
			);
			sourceTree = "<group>";
		};
		0218A1E716F9FD3700DF678E /* Products */ = {
			isa = PBXGroup;
			children = (
				0218A1E616F9FD3700DF678E /* Square.app */,
			);
			name = Products;
			sourceTree = "<group>";
		};
		0218A1E816F9FD3700DF678E /* Frameworks */ = {
			isa = PBXGroup;
			children = (
				0218A1E916F9FD3700DF678E /* UIKit.framework */,
				0218A1EB16F9FD3700DF678E /* Foundation.framework */,
				0218A1ED16F9FD3700DF678E /* CoreGraphics.framework */,
			);
			name = Frameworks;
			sourceTree = "<group>";
		};
		0218A1EF16F9FD3700DF678E /* Square */ = {
			isa = PBXGroup;
			children = (
				024C26471734989C004B91F1 /* Entrance */,
				024C263E17349882004B91F1 /* ASPriorityQueue.h */,
				024C263F17349882004B91F1 /* ASPriorityQueue.m */,
				024C264017349882004B91F1 /* BMS.h */,
				024C264117349882004B91F1 /* BMS.m */,
				024C264217349882004B91F1 /* TimelineNotes.h */,
				024C264317349882004B91F1 /* TimelineNotes.m */,
				0218A1F816F9FD3700DF678E /* SquareAppDelegate.h */,
				0218A20C16FA118B00DF678E /* KeyLineManager.h */,
				0218A20E16FA11F300DF678E /* KeyLineManager.m */,
				0218A1F916F9FD3700DF678E /* SquareAppDelegate.m */,
				0218A20116F9FD3700DF678E /* SquareViewController.h */,
				0218A20216F9FD3700DF678E /* SquareViewController.m */,
				0218A20416F9FD3700DF678E /* SquareViewController.xib */,
				0218A1F016F9FD3700DF678E /* Supporting Files */,
			);
			path = Square;
			sourceTree = "<group>";
		};
		0218A1F016F9FD3700DF678E /* Supporting Files */ = {
			isa = PBXGroup;
			children = (
				025BFCEA173F9FFA006C6CB9 /* EndFront_0.png */,
				025BFCEB173F9FFA006C6CB9 /* EndFront_1.png */,
				025BFCD6173F8F30006C6CB9 /* KEYA_show.png */,
				025BFCD7173F8F30006C6CB9 /* KEYA0.png */,
				025BFCD8173F8F30006C6CB9 /* KEYA1.png */,
				025BFCD9173F8F30006C6CB9 /* KEYA2.png */,
				025BFCDB173F8F30006C6CB9 /* KEYB0.png */,
				025BFCDC173F8F30006C6CB9 /* KEYB1.png */,
				025BFCDD173F8F30006C6CB9 /* KEYB2.png */,
				025BFCBE173F8CE7006C6CB9 /* Note_Click1_2.ojt0.png */,
				025BFCBF173F8CE7006C6CB9 /* Note_Click1_2.ojt1.png */,
				025BFCC0173F8CE7006C6CB9 /* Note_Click1_2.ojt2.png */,
				025BFCC1173F8CE7006C6CB9 /* Note_Click1_2.ojt3.png */,
				025BFCC2173F8CE7006C6CB9 /* Note_Click1_2.ojt4.png */,
				025BFCC3173F8CE7006C6CB9 /* Note_Click1_2.ojt5.png */,
				025BFCC4173F8CE7006C6CB9 /* Note_Click1_2.ojt6.png */,
				025BFCC5173F8CE7006C6CB9 /* Note_Click1_2.ojt7.png */,
				025BFCC6173F8CE7006C6CB9 /* Note_Click1_2.ojt8.png */,
				025BFCC7173F8CE7006C6CB9 /* Note_Click1_2.ojt9.png */,
				025BFCC8173F8CE7006C6CB9 /* Note_Click1_2.ojt10.png */,
				025BFCC9173F8CE7006C6CB9 /* Note_Click1_2.ojt11.png */,
				02399190173C033C003A4874 /* 1.png */,
				02399191173C033C003A4874 /* 2.png */,
				0218A1F116F9FD3700DF678E /* Square-Info.plist */,
				0218A1F216F9FD3700DF678E /* InfoPlist.strings */,
				0218A1F516F9FD3700DF678E /* main.m */,
				0218A1F716F9FD3700DF678E /* Square-Prefix.pch */,
				0218A1FB16F9FD3700DF678E /* Default.png */,
				0218A1FD16F9FD3700DF678E /* Default@2x.png */,
				0218A1FF16F9FD3700DF678E /* Default-568h@2x.png */,
			);
			name = "Supporting Files";
			sourceTree = "<group>";
		};
		024C26471734989C004B91F1 /* Entrance */ = {
			isa = PBXGroup;
			children = (
				024C265F1734BC29004B91F1 /* test.mp3 */,
				024C265B17349928004B91F1 /* Entrance -another Ver.-(EZ).bms */,
				024C264B1734989C004B91F1 /* Entrance -another Ver.-(HD).bms */,
				024C264C1734989C004B91F1 /* Entrance -Another ver.-(Image).jpg */,
				024C264D1734989C004B91F1 /* Entrance -Another ver.-(Intro).txt */,
				024C264E1734989C004B91F1 /* Entrance -another Ver.-(MX).bms */,
				024C264F1734989C004B91F1 /* Entrance -another Ver.-(NM).bms */,
				024C26501734989C004B91F1 /* Entrance -Another ver.-(sImage).bmp */,
			);
			name = Entrance;
			path = ../../../Downloads/130403_Entrance;
			sourceTree = "<group>";
		};
/* End PBXGroup section */

/* Begin PBXNativeTarget section */
		0218A1E516F9FD3700DF678E /* Square */ = {
			isa = PBXNativeTarget;
			buildConfigurationList = 0218A20916F9FD3700DF678E /* Build configuration list for PBXNativeTarget "Square" */;
			buildPhases = (
				0218A1E216F9FD3700DF678E /* Sources */,
				0218A1E316F9FD3700DF678E /* Frameworks */,
				0218A1E416F9FD3700DF678E /* Resources */,
			);
			buildRules = (
			);
			dependencies = (
			);
			name = Square;
			productName = Square;
			productReference = 0218A1E616F9FD3700DF678E /* Square.app */;
			productType = "com.apple.product-type.application";
		};
/* End PBXNativeTarget section */

/* Begin PBXProject section */
		0218A1DE16F9FD3700DF678E /* Project object */ = {
			isa = PBXProject;
			attributes = {
				CLASSPREFIX = Square;
				LastUpgradeCheck = 0460;
				ORGANIZATIONNAME = takanoter;
			};
			buildConfigurationList = 0218A1E116F9FD3700DF678E /* Build configuration list for PBXProject "Square" */;
			compatibilityVersion = "Xcode 3.2";
			developmentRegion = English;
			hasScannedForEncodings = 0;
			knownRegions = (
				en,
			);
			mainGroup = 0218A1DD16F9FD3700DF678E;
			productRefGroup = 0218A1E716F9FD3700DF678E /* Products */;
			projectDirPath = "";
			projectRoot = "";
			targets = (
				0218A1E516F9FD3700DF678E /* Square */,
			);
		};
/* End PBXProject section */

/* Begin PBXResourcesBuildPhase section */
		0218A1E416F9FD3700DF678E /* Resources */ = {
			isa = PBXResourcesBuildPhase;
			buildActionMask = 2147483647;
			files = (
				0218A1F416F9FD3700DF678E /* InfoPlist.strings in Resources */,
				0218A1FC16F9FD3700DF678E /* Default.png in Resources */,
				0218A1FE16F9FD3700DF678E /* Default@2x.png in Resources */,
				0218A20016F9FD3700DF678E /* Default-568h@2x.png in Resources */,
				0218A20616F9FD3700DF678E /* SquareViewController.xib in Resources */,
				0218A20D16FA118B00DF678E /* KeyLineManager.h in Resources */,
				024C265917349928004B91F1 /* Entrance -another Ver.-(EZ).bms in Resources */,
				024C26531734989C004B91F1 /* Entrance -another Ver.-(HD).bms in Resources */,
				024C26541734989C004B91F1 /* Entrance -Another ver.-(Image).jpg in Resources */,
				024C26551734989C004B91F1 /* Entrance -Another ver.-(Intro).txt in Resources */,
				024C26561734989C004B91F1 /* Entrance -another Ver.-(MX).bms in Resources */,
				024C26571734989C004B91F1 /* Entrance -another Ver.-(NM).bms in Resources */,
				024C26581734989C004B91F1 /* Entrance -Another ver.-(sImage).bmp in Resources */,
				024C26681734BC29004B91F1 /* test.mp3 in Resources */,
				02399192173C033C003A4874 /* 1.png in Resources */,
				02399193173C033C003A4874 /* 2.png in Resources */,
				025BFCCA173F8CE7006C6CB9 /* Note_Click1_2.ojt0.png in Resources */,
				025BFCCB173F8CE7006C6CB9 /* Note_Click1_2.ojt1.png in Resources */,
				025BFCCC173F8CE7006C6CB9 /* Note_Click1_2.ojt2.png in Resources */,
				025BFCCD173F8CE7006C6CB9 /* Note_Click1_2.ojt3.png in Resources */,
				025BFCCE173F8CE7006C6CB9 /* Note_Click1_2.ojt4.png in Resources */,
				025BFCCF173F8CE7006C6CB9 /* Note_Click1_2.ojt5.png in Resources */,
				025BFCD0173F8CE7006C6CB9 /* Note_Click1_2.ojt6.png in Resources */,
				025BFCD1173F8CE7006C6CB9 /* Note_Click1_2.ojt7.png in Resources */,
				025BFCD2173F8CE7006C6CB9 /* Note_Click1_2.ojt8.png in Resources */,
				025BFCD3173F8CE7006C6CB9 /* Note_Click1_2.ojt9.png in Resources */,
				025BFCD4173F8CE7006C6CB9 /* Note_Click1_2.ojt10.png in Resources */,
				025BFCD5173F8CE7006C6CB9 /* Note_Click1_2.ojt11.png in Resources */,
				025BFCDE173F8F30006C6CB9 /* KEYA_show.png in Resources */,
				025BFCDF173F8F30006C6CB9 /* KEYA0.png in Resources */,
				025BFCE0173F8F30006C6CB9 /* KEYA1.png in Resources */,
				025BFCE1173F8F30006C6CB9 /* KEYA2.png in Resources */,
				025BFCE3173F8F30006C6CB9 /* KEYB0.png in Resources */,
				025BFCE4173F8F30006C6CB9 /* KEYB1.png in Resources */,
				025BFCE5173F8F30006C6CB9 /* KEYB2.png in Resources */,
				025BFCEC173F9FFA006C6CB9 /* EndFront_0.png in Resources */,
				025BFCED173F9FFA006C6CB9 /* EndFront_1.png in Resources */,
			);
			runOnlyForDeploymentPostprocessing = 0;
		};
/* End PBXResourcesBuildPhase section */

/* Begin PBXSourcesBuildPhase section */
		0218A1E216F9FD3700DF678E /* Sources */ = {
			isa = PBXSourcesBuildPhase;
			buildActionMask = 2147483647;
			files = (
				0218A1F616F9FD3700DF678E /* main.m in Sources */,
				0218A1FA16F9FD3700DF678E /* SquareAppDelegate.m in Sources */,
				0218A20316F9FD3700DF678E /* SquareViewController.m in Sources */,
				0218A20F16FA11F300DF678E /* KeyLineManager.m in Sources */,
				024C264417349882004B91F1 /* ASPriorityQueue.m in Sources */,
				024C264517349882004B91F1 /* BMS.m in Sources */,
				024C264617349882004B91F1 /* TimelineNotes.m in Sources */,
			);
			runOnlyForDeploymentPostprocessing = 0;
		};
/* End PBXSourcesBuildPhase section */

/* Begin PBXVariantGroup section */
		0218A1F216F9FD3700DF678E /* InfoPlist.strings */ = {
			isa = PBXVariantGroup;
			children = (
				0218A1F316F9FD3700DF678E /* en */,
			);
			name = InfoPlist.strings;
			sourceTree = "<group>";
		};
		0218A20416F9FD3700DF678E /* SquareViewController.xib */ = {
			isa = PBXVariantGroup;
			children = (
				0218A20516F9FD3700DF678E /* en */,
			);
			name = SquareViewController.xib;
			sourceTree = "<group>";
		};
		024C265B17349928004B91F1 /* Entrance -another Ver.-(EZ).bms */ = {
			isa = PBXVariantGroup;
			children = (
				024C265A17349928004B91F1 /* en */,
			);
			name = "Entrance -another Ver.-(EZ).bms";
			sourceTree = "<group>";
		};
		024C265F1734BC29004B91F1 /* test.mp3 */ = {
			isa = PBXVariantGroup;
			children = (
				024C26601734BC29004B91F1 /* en */,
			);
			name = test.mp3;
			sourceTree = "<group>";
		};
/* End PBXVariantGroup section */

/* Begin XCBuildConfiguration section */
		0218A20716F9FD3700DF678E /* Debug */ = {
			isa = XCBuildConfiguration;
			buildSettings = {
				ALWAYS_SEARCH_USER_PATHS = NO;
				CLANG_CXX_LANGUAGE_STANDARD = "gnu++0x";
				CLANG_CXX_LIBRARY = "libc++";
				CLANG_WARN_CONSTANT_CONVERSION = YES;
				CLANG_WARN_EMPTY_BODY = YES;
				CLANG_WARN_ENUM_CONVERSION = YES;
				CLANG_WARN_INT_CONVERSION = YES;
				CLANG_WARN__DUPLICATE_METHOD_MATCH = YES;
				"CODE_SIGN_IDENTITY[sdk=iphoneos*]" = "iPhone Developer";
				COPY_PHASE_STRIP = NO;
				GCC_C_LANGUAGE_STANDARD = gnu99;
				GCC_DYNAMIC_NO_PIC = NO;
				GCC_OPTIMIZATION_LEVEL = 0;
				GCC_PREPROCESSOR_DEFINITIONS = (
					"DEBUG=1",
					"$(inherited)",
				);
				GCC_SYMBOLS_PRIVATE_EXTERN = NO;
				GCC_WARN_ABOUT_RETURN_TYPE = YES;
				GCC_WARN_UNINITIALIZED_AUTOS = YES;
				GCC_WARN_UNUSED_VARIABLE = YES;
				IPHONEOS_DEPLOYMENT_TARGET = 6.1;
				ONLY_ACTIVE_ARCH = YES;
				SDKROOT = iphoneos;
				TARGETED_DEVICE_FAMILY = 2;
			};
			name = Debug;
		};
		0218A20816F9FD3700DF678E /* Release */ = {
			isa = XCBuildConfiguration;
			buildSettings = {
				ALWAYS_SEARCH_USER_PATHS = NO;
				CLANG_CXX_LANGUAGE_STANDARD = "gnu++0x";
				CLANG_CXX_LIBRARY = "libc++";
				CLANG_WARN_CONSTANT_CONVERSION = YES;
				CLANG_WARN_EMPTY_BODY = YES;
				CLANG_WARN_ENUM_CONVERSION = YES;
				CLANG_WARN_INT_CONVERSION = YES;
				CLANG_WARN__DUPLICATE_METHOD_MATCH = YES;
				"CODE_SIGN_IDENTITY[sdk=iphoneos*]" = "iPhone Developer";
				COPY_PHASE_STRIP = YES;
				GCC_C_LANGUAGE_STANDARD = gnu99;
				GCC_WARN_ABOUT_RETURN_TYPE = YES;
				GCC_WARN_UNINITIALIZED_AUTOS = YES;
				GCC_WARN_UNUSED_VARIABLE = YES;
				IPHONEOS_DEPLOYMENT_TARGET = 6.1;
				OTHER_CFLAGS = "-DNS_BLOCK_ASSERTIONS=1";
				SDKROOT = iphoneos;
				TARGETED_DEVICE_FAMILY = 2;
				VALIDATE_PRODUCT = YES;
			};
			name = Release;
		};
		0218A20A16F9FD3700DF678E /* Debug */ = {
			isa = XCBuildConfiguration;
			buildSettings = {
				GCC_PRECOMPILE_PREFIX_HEADER = YES;
				GCC_PREFIX_HEADER = "Square/Square-Prefix.pch";
				INFOPLIST_FILE = "Square/Square-Info.plist";
				PRODUCT_NAME = "$(TARGET_NAME)";
				WRAPPER_EXTENSION = app;
			};
			name = Debug;
		};
		0218A20B16F9FD3700DF678E /* Release */ = {
			isa = XCBuildConfiguration;
			buildSettings = {
				GCC_PRECOMPILE_PREFIX_HEADER = YES;
				GCC_PREFIX_HEADER = "Square/Square-Prefix.pch";
				INFOPLIST_FILE = "Square/Square-Info.plist";
				PRODUCT_NAME = "$(TARGET_NAME)";
				WRAPPER_EXTENSION = app;
			};
			name = Release;
		};
/* End XCBuildConfiguration section */

/* Begin XCConfigurationList section */
		0218A1E116F9FD3700DF678E /* Build configuration list for PBXProject "Square" */ = {
			isa = XCConfigurationList;
			buildConfigurations = (
				0218A20716F9FD3700DF678E /* Debug */,
				0218A20816F9FD3700DF678E /* Release */,
			);
			defaultConfigurationIsVisible = 0;
			defaultConfigurationName = Release;
		};
		0218A20916F9FD3700DF678E /* Build configuration list for PBXNativeTarget "Square" */ = {
			isa = XCConfigurationList;
			buildConfigurations = (
				0218A20A16F9FD3700DF678E /* Debug */,
				0218A20B16F9FD3700DF678E /* Release */,
			);
			defaultConfigurationIsVisible = 0;
			defaultConfigurationName = Release;
		};
/* End XCConfigurationList section */
	};
	rootObject = 0218A1DE16F9FD3700DF678E /* Project object */;
}
